
Microsoft Visual Studio Solution File, Format Version 12.00
# Visual Studio Version 16
VisualStudioVersion = 16.0.31729.503
MinimumVisualStudioVersion = 10.0.40219.1
Project("{FAE04EC0-301F-11D3-BF4B-00C04F79EFBC}") = "Lab_2_2", "Lab_2_2.csproj", "{AF13CA37-C9C2-436F-A761-7CFCC21F5DCC}"
EndProject
Global
	GlobalSection(SolutionConfigurationPlatforms) = preSolution
		Debug|Any CPU = Debug|Any CPU
		Release|Any CPU = Release|Any CPU
	EndGlobalSection
	GlobalSection(ProjectConfigurationPlatforms) = postSolution
		{AF13CA37-C9C2-436F-A761-7CFCC21F5DCC}.Debug|Any CPU.ActiveCfg = Debug|Any CPU
		{AF13CA37-C9C2-436F-A761-7CFCC21F5DCC}.Debug|Any CPU.Build.0 = Debug|Any CPU
		{AF13CA37-C9C2-436F-A761-7CFCC21F5DCC}.Release|Any CPU.ActiveCfg = Release|Any CPU
		{AF13CA37-C9C2-436F-A761-7CFCC21F5DCC}.Release|Any CPU.Build.0 = Release|Any CPU
	EndGlobalSection
	GlobalSection(SolutionProperties) = preSolution
		HideSolutionNode = FALSE
	EndGlobalSection
	GlobalSection(ExtensibilityGlobals) = postSolution
		SolutionGuid = {57135ACB-409B-4139-8AA4-7D9595A492F0}
	EndGlobalSection
EndGlobal
